
Microsoft Visual Studio Solution File, Format Version 12.00
# Visual Studio Version 17
VisualStudioVersion = 17.0.31903.59
MinimumVisualStudioVersion = 10.0.40219.1
Project("{2150E333-8FDC-42A3-9474-1A3956D46DE8}") = "src", "src", "{4587E0EC-DF8A-45BB-9CD3-3B0D1F4D6322}"
EndProject
Project("{FAE04EC0-301F-11D3-BF4B-00C04F79EFBC}") = "treeShaker.Core", "src\treeShaker.Core\treeShaker.Core.csproj", "{4E5E1A5E-7D7B-4732-A296-4902EF2DDDB0}"
EndProject
Project("{FAE04EC0-301F-11D3-BF4B-00C04F79EFBC}") = "treeShaker.Program", "src\treeShaker.Program\treeShaker.Program.csproj", "{8E0A056A-277C-41BA-A0F6-32CE55EA2AEE}"
EndProject
Project("{2150E333-8FDC-42A3-9474-1A3956D46DE8}") = "tests", "tests", "{4653A36C-14B7-450D-BB8A-7890FF6797EF}"
EndProject
Project("{FAE04EC0-301F-11D3-BF4B-00C04F79EFBC}") = "treeShaker.Core.Tests", "tests\treeShaker.Core.Tests\treeShaker.Core.Tests.csproj", "{3A20AD29-7AF6-495D-B334-B31D96A8E7AE}"
EndProject
Global
	GlobalSection(SolutionConfigurationPlatforms) = preSolution
		Debug|Any CPU = Debug|Any CPU
		Release|Any CPU = Release|Any CPU
	EndGlobalSection
	GlobalSection(SolutionProperties) = preSolution
		HideSolutionNode = FALSE
	EndGlobalSection
	GlobalSection(ProjectConfigurationPlatforms) = postSolution
		{4E5E1A5E-7D7B-4732-A296-4902EF2DDDB0}.Debug|Any CPU.ActiveCfg = Debug|Any CPU
		{4E5E1A5E-7D7B-4732-A296-4902EF2DDDB0}.Debug|Any CPU.Build.0 = Debug|Any CPU
		{4E5E1A5E-7D7B-4732-A296-4902EF2DDDB0}.Release|Any CPU.ActiveCfg = Release|Any CPU
		{4E5E1A5E-7D7B-4732-A296-4902EF2DDDB0}.Release|Any CPU.Build.0 = Release|Any CPU
		{8E0A056A-277C-41BA-A0F6-32CE55EA2AEE}.Debug|Any CPU.ActiveCfg = Debug|Any CPU
		{8E0A056A-277C-41BA-A0F6-32CE55EA2AEE}.Debug|Any CPU.Build.0 = Debug|Any CPU
		{8E0A056A-277C-41BA-A0F6-32CE55EA2AEE}.Release|Any CPU.ActiveCfg = Release|Any CPU
		{8E0A056A-277C-41BA-A0F6-32CE55EA2AEE}.Release|Any CPU.Build.0 = Release|Any CPU
		{3A20AD29-7AF6-495D-B334-B31D96A8E7AE}.Debug|Any CPU.ActiveCfg = Debug|Any CPU
		{3A20AD29-7AF6-495D-B334-B31D96A8E7AE}.Debug|Any CPU.Build.0 = Debug|Any CPU
		{3A20AD29-7AF6-495D-B334-B31D96A8E7AE}.Release|Any CPU.ActiveCfg = Release|Any CPU
		{3A20AD29-7AF6-495D-B334-B31D96A8E7AE}.Release|Any CPU.Build.0 = Release|Any CPU
	EndGlobalSection
	GlobalSection(NestedProjects) = preSolution
		{4E5E1A5E-7D7B-4732-A296-4902EF2DDDB0} = {4587E0EC-DF8A-45BB-9CD3-3B0D1F4D6322}
		{8E0A056A-277C-41BA-A0F6-32CE55EA2AEE} = {4587E0EC-DF8A-45BB-9CD3-3B0D1F4D6322}
		{3A20AD29-7AF6-495D-B334-B31D96A8E7AE} = {4653A36C-14B7-450D-BB8A-7890FF6797EF}
	EndGlobalSection
EndGlobal
