
Microsoft Visual Studio Solution File, Format Version 12.00
# Visual Studio Version 17
VisualStudioVersion = 17.0.31903.59
MinimumVisualStudioVersion = 10.0.40219.1
Project("{2150E333-8FDC-42A3-9474-1A3956D46DE8}") = "src", "src", "{CE7D0D2F-FEFF-4B6E-811D-970A7D70640B}"
EndProject
Project("{FAE04EC0-301F-11D3-BF4B-00C04F79EFBC}") = "mazes.Core", "src\mazes.Core\mazes.Core.csproj", "{6CBE52EA-2FF4-4107-9641-35D0DF3C326C}"
EndProject
Project("{FAE04EC0-301F-11D3-BF4B-00C04F79EFBC}") = "mazes.Program", "src\mazes.Program\mazes.Program.csproj", "{1FCD7281-D2D7-4A0E-BA1F-9AF019F837E7}"
EndProject
Global
	GlobalSection(SolutionConfigurationPlatforms) = preSolution
		Debug|Any CPU = Debug|Any CPU
		Release|Any CPU = Release|Any CPU
	EndGlobalSection
	GlobalSection(SolutionProperties) = preSolution
		HideSolutionNode = FALSE
	EndGlobalSection
	GlobalSection(ProjectConfigurationPlatforms) = postSolution
		{6CBE52EA-2FF4-4107-9641-35D0DF3C326C}.Debug|Any CPU.ActiveCfg = Debug|Any CPU
		{6CBE52EA-2FF4-4107-9641-35D0DF3C326C}.Debug|Any CPU.Build.0 = Debug|Any CPU
		{6CBE52EA-2FF4-4107-9641-35D0DF3C326C}.Release|Any CPU.ActiveCfg = Release|Any CPU
		{6CBE52EA-2FF4-4107-9641-35D0DF3C326C}.Release|Any CPU.Build.0 = Release|Any CPU
		{1FCD7281-D2D7-4A0E-BA1F-9AF019F837E7}.Debug|Any CPU.ActiveCfg = Debug|Any CPU
		{1FCD7281-D2D7-4A0E-BA1F-9AF019F837E7}.Debug|Any CPU.Build.0 = Debug|Any CPU
		{1FCD7281-D2D7-4A0E-BA1F-9AF019F837E7}.Release|Any CPU.ActiveCfg = Release|Any CPU
		{1FCD7281-D2D7-4A0E-BA1F-9AF019F837E7}.Release|Any CPU.Build.0 = Release|Any CPU
	EndGlobalSection
	GlobalSection(NestedProjects) = preSolution
		{6CBE52EA-2FF4-4107-9641-35D0DF3C326C} = {CE7D0D2F-FEFF-4B6E-811D-970A7D70640B}
		{1FCD7281-D2D7-4A0E-BA1F-9AF019F837E7} = {CE7D0D2F-FEFF-4B6E-811D-970A7D70640B}
	EndGlobalSection
EndGlobal
