
Microsoft Visual Studio Solution File, Format Version 12.00
# Visual Studio Version 17
VisualStudioVersion = 17.0.31903.59
MinimumVisualStudioVersion = 10.0.40219.1
Project("{2150E333-8FDC-42A3-9474-1A3956D46DE8}") = "src", "src", "{DEFBA0FA-96A5-4826-91DD-C16E4246B2C0}"
EndProject
Project("{FAE04EC0-301F-11D3-BF4B-00C04F79EFBC}") = "imgtoodee.Core", "src\imgtoodee.Core\imgtoodee.Core.csproj", "{F105E3BF-6158-43FE-88C1-7C1DA1457E5A}"
EndProject
Project("{FAE04EC0-301F-11D3-BF4B-00C04F79EFBC}") = "imgtoodee.Program", "src\imgtoodee.Program\imgtoodee.Program.csproj", "{F375FCE6-C983-471C-AF4D-063615EB6260}"
EndProject
Project("{2150E333-8FDC-42A3-9474-1A3956D46DE8}") = "tests", "tests", "{0E8ABF2B-0ED2-49E8-BDC8-5400136EFBF8}"
EndProject
Project("{FAE04EC0-301F-11D3-BF4B-00C04F79EFBC}") = "imgtoodee.Core.Tests", "tests\imgtoodee.Core.Tests\imgtoodee.Core.Tests.csproj", "{50372009-EFB1-44DB-8E83-F6596D5C5515}"
EndProject
Global
	GlobalSection(SolutionConfigurationPlatforms) = preSolution
		Debug|Any CPU = Debug|Any CPU
		Release|Any CPU = Release|Any CPU
	EndGlobalSection
	GlobalSection(SolutionProperties) = preSolution
		HideSolutionNode = FALSE
	EndGlobalSection
	GlobalSection(ProjectConfigurationPlatforms) = postSolution
		{F105E3BF-6158-43FE-88C1-7C1DA1457E5A}.Debug|Any CPU.ActiveCfg = Debug|Any CPU
		{F105E3BF-6158-43FE-88C1-7C1DA1457E5A}.Debug|Any CPU.Build.0 = Debug|Any CPU
		{F105E3BF-6158-43FE-88C1-7C1DA1457E5A}.Release|Any CPU.ActiveCfg = Release|Any CPU
		{F105E3BF-6158-43FE-88C1-7C1DA1457E5A}.Release|Any CPU.Build.0 = Release|Any CPU
		{F375FCE6-C983-471C-AF4D-063615EB6260}.Debug|Any CPU.ActiveCfg = Debug|Any CPU
		{F375FCE6-C983-471C-AF4D-063615EB6260}.Debug|Any CPU.Build.0 = Debug|Any CPU
		{F375FCE6-C983-471C-AF4D-063615EB6260}.Release|Any CPU.ActiveCfg = Release|Any CPU
		{F375FCE6-C983-471C-AF4D-063615EB6260}.Release|Any CPU.Build.0 = Release|Any CPU
		{50372009-EFB1-44DB-8E83-F6596D5C5515}.Debug|Any CPU.ActiveCfg = Debug|Any CPU
		{50372009-EFB1-44DB-8E83-F6596D5C5515}.Debug|Any CPU.Build.0 = Debug|Any CPU
		{50372009-EFB1-44DB-8E83-F6596D5C5515}.Release|Any CPU.ActiveCfg = Release|Any CPU
		{50372009-EFB1-44DB-8E83-F6596D5C5515}.Release|Any CPU.Build.0 = Release|Any CPU
	EndGlobalSection
	GlobalSection(NestedProjects) = preSolution
		{F105E3BF-6158-43FE-88C1-7C1DA1457E5A} = {DEFBA0FA-96A5-4826-91DD-C16E4246B2C0}
		{F375FCE6-C983-471C-AF4D-063615EB6260} = {DEFBA0FA-96A5-4826-91DD-C16E4246B2C0}
		{50372009-EFB1-44DB-8E83-F6596D5C5515} = {0E8ABF2B-0ED2-49E8-BDC8-5400136EFBF8}
	EndGlobalSection
EndGlobal
